
Microsoft Visual Studio Solution File, Format Version 12.00
# Visual Studio Version 17
VisualStudioVersion = 17.3.32901.215
MinimumVisualStudioVersion = 10.0.40219.1
Project("{FAE04EC0-301F-11D3-BF4B-00C04F79EFBC}") = "FrontEndShoeStore", "FrontEndShoeStore\FrontEndShoeStore.csproj", "{3528DFCB-BF72-43DE-9B54-24003E874D1B}"
EndProject
Global
	GlobalSection(SolutionConfigurationPlatforms) = preSolution
		Debug|Any CPU = Debug|Any CPU
		Release|Any CPU = Release|Any CPU
	EndGlobalSection
	GlobalSection(ProjectConfigurationPlatforms) = postSolution
		{3528DFCB-BF72-43DE-9B54-24003E874D1B}.Debug|Any CPU.ActiveCfg = Debug|Any CPU
		{3528DFCB-BF72-43DE-9B54-24003E874D1B}.Debug|Any CPU.Build.0 = Debug|Any CPU
		{3528DFCB-BF72-43DE-9B54-24003E874D1B}.Release|Any CPU.ActiveCfg = Release|Any CPU
		{3528DFCB-BF72-43DE-9B54-24003E874D1B}.Release|Any CPU.Build.0 = Release|Any CPU
	EndGlobalSection
	GlobalSection(SolutionProperties) = preSolution
		HideSolutionNode = FALSE
	EndGlobalSection
	GlobalSection(ExtensibilityGlobals) = postSolution
		SolutionGuid = {05C64BCB-EA7E-452D-8A86-034657A15B1D}
	EndGlobalSection
EndGlobal
